{
  "requires": true,
  "lockfileVersion": 1,
  "dependencies": {
    "is-stream": {
      "version": "1.1.0",
      "resolved": "https://registry.npm.taobao.org/is-stream/download/is-stream-1.1.0.tgz"
    },
    "slang": {
      "version": "0.3.0",
      "resolved": "https://registry.npm.taobao.org/slang/download/slang-0.3.0.tgz"
    },
    "wkhtmltopdf": {
      "version": "0.3.4",
      "resolved": "https://registry.npm.taobao.org/wkhtmltopdf/download/wkhtmltopdf-0.3.4.tgz",
      "integrity": "sha1-4ttUKn3CJIAyvxNnVLXN188oFfA=",
      "requires": {
        "is-stream": "1.1.0",
        "slang": "0.3.0"
      }
    }
  }
}
